
Microsoft Visual Studio Solution File, Format Version 12.00
# Visual Studio Version 17
VisualStudioVersion = 17.0.32014.148
MinimumVisualStudioVersion = 10.0.40219.1
Project("{9A19103F-16F7-4668-BE54-9A1E7A4F7556}") = "Recipes", "Recipes\Recipes.csproj", "{DD995732-6474-4B3A-B6F8-9A054C510092}"
EndProject
Project("{9A19103F-16F7-4668-BE54-9A1E7A4F7556}") = "RecipesWasm.Server", "RecipesWasm\Server\RecipesWasm.Server.csproj", "{B759DC09-DAFF-4A62-AB07-CC5B63FF45C2}"
EndProject
Project("{9A19103F-16F7-4668-BE54-9A1E7A4F7556}") = "RecipesWasm.Client", "RecipesWasm\Client\RecipesWasm.Client.csproj", "{4D8E2E54-92B5-4278-A294-F4B71DD74974}"
EndProject
Project("{9A19103F-16F7-4668-BE54-9A1E7A4F7556}") = "RecipesWasm.Shared", "RecipesWasm\Shared\RecipesWasm.Shared.csproj", "{2B2AFCF0-8E98-4F05-966A-7F16FC11DE69}"
EndProject
Project("{9A19103F-16F7-4668-BE54-9A1E7A4F7556}") = "Components", "Components\Components.csproj", "{EDFD68C8-22D9-4704-81F4-369D68A759D9}"
EndProject
Project("{9A19103F-16F7-4668-BE54-9A1E7A4F7556}") = "Services", "Services\Services.csproj", "{29FBEDD0-02B7-4562-8EA8-0EC267D0EA5F}"
EndProject
Global
	GlobalSection(SolutionConfigurationPlatforms) = preSolution
		Debug|Any CPU = Debug|Any CPU
		Release|Any CPU = Release|Any CPU
	EndGlobalSection
	GlobalSection(ProjectConfigurationPlatforms) = postSolution
		{DD995732-6474-4B3A-B6F8-9A054C510092}.Debug|Any CPU.ActiveCfg = Debug|Any CPU
		{DD995732-6474-4B3A-B6F8-9A054C510092}.Debug|Any CPU.Build.0 = Debug|Any CPU
		{DD995732-6474-4B3A-B6F8-9A054C510092}.Release|Any CPU.ActiveCfg = Release|Any CPU
		{DD995732-6474-4B3A-B6F8-9A054C510092}.Release|Any CPU.Build.0 = Release|Any CPU
		{B759DC09-DAFF-4A62-AB07-CC5B63FF45C2}.Debug|Any CPU.ActiveCfg = Debug|Any CPU
		{B759DC09-DAFF-4A62-AB07-CC5B63FF45C2}.Debug|Any CPU.Build.0 = Debug|Any CPU
		{B759DC09-DAFF-4A62-AB07-CC5B63FF45C2}.Release|Any CPU.ActiveCfg = Release|Any CPU
		{B759DC09-DAFF-4A62-AB07-CC5B63FF45C2}.Release|Any CPU.Build.0 = Release|Any CPU
		{4D8E2E54-92B5-4278-A294-F4B71DD74974}.Debug|Any CPU.ActiveCfg = Debug|Any CPU
		{4D8E2E54-92B5-4278-A294-F4B71DD74974}.Debug|Any CPU.Build.0 = Debug|Any CPU
		{4D8E2E54-92B5-4278-A294-F4B71DD74974}.Release|Any CPU.ActiveCfg = Release|Any CPU
		{4D8E2E54-92B5-4278-A294-F4B71DD74974}.Release|Any CPU.Build.0 = Release|Any CPU
		{2B2AFCF0-8E98-4F05-966A-7F16FC11DE69}.Debug|Any CPU.ActiveCfg = Debug|Any CPU
		{2B2AFCF0-8E98-4F05-966A-7F16FC11DE69}.Debug|Any CPU.Build.0 = Debug|Any CPU
		{2B2AFCF0-8E98-4F05-966A-7F16FC11DE69}.Release|Any CPU.ActiveCfg = Release|Any CPU
		{2B2AFCF0-8E98-4F05-966A-7F16FC11DE69}.Release|Any CPU.Build.0 = Release|Any CPU
		{EDFD68C8-22D9-4704-81F4-369D68A759D9}.Debug|Any CPU.ActiveCfg = Debug|Any CPU
		{EDFD68C8-22D9-4704-81F4-369D68A759D9}.Debug|Any CPU.Build.0 = Debug|Any CPU
		{EDFD68C8-22D9-4704-81F4-369D68A759D9}.Release|Any CPU.ActiveCfg = Release|Any CPU
		{EDFD68C8-22D9-4704-81F4-369D68A759D9}.Release|Any CPU.Build.0 = Release|Any CPU
		{29FBEDD0-02B7-4562-8EA8-0EC267D0EA5F}.Debug|Any CPU.ActiveCfg = Debug|Any CPU
		{29FBEDD0-02B7-4562-8EA8-0EC267D0EA5F}.Debug|Any CPU.Build.0 = Debug|Any CPU
		{29FBEDD0-02B7-4562-8EA8-0EC267D0EA5F}.Release|Any CPU.ActiveCfg = Release|Any CPU
		{29FBEDD0-02B7-4562-8EA8-0EC267D0EA5F}.Release|Any CPU.Build.0 = Release|Any CPU
	EndGlobalSection
	GlobalSection(SolutionProperties) = preSolution
		HideSolutionNode = FALSE
	EndGlobalSection
	GlobalSection(ExtensibilityGlobals) = postSolution
		SolutionGuid = {1790E583-2D21-4EBB-A6DA-CD8A33282142}
	EndGlobalSection
EndGlobal
